
Microsoft Visual Studio Solution File, Format Version 12.00
# Visual Studio Version 16
VisualStudioVersion = 16.6.30114.105
MinimumVisualStudioVersion = 10.0.40219.1
Project("{FAE04EC0-301F-11D3-BF4B-00C04F79EFBC}") = "Todo.App", "Todo.App\Todo.App.csproj", "{DAD0BCB2-4940-42DE-85D1-F66BD4565FD0}"
EndProject
Project("{FAE04EC0-301F-11D3-BF4B-00C04F79EFBC}") = "Todo.UnitTests", "Todo.UnitTests\Todo.UnitTests.csproj", "{6464068D-EB38-4C12-8A13-0730FB57EB69}"
EndProject
Project("{FAE04EC0-301F-11D3-BF4B-00C04F79EFBC}") = "Todo.ContractTests", "Todo.ContractTests\Todo.ContractTests.csproj", "{620CB5A7-A4B5-4382-8B75-D1300D4E9768}"
EndProject
Project("{FAE04EC0-301F-11D3-BF4B-00C04F79EFBC}") = "Todo.IntegrationTests", "Todo.IntegrationTests\Todo.IntegrationTests.csproj", "{583D7116-7959-4809-B4F4-44A19747E438}"
EndProject
Global
	GlobalSection(SolutionConfigurationPlatforms) = preSolution
		Debug|Any CPU = Debug|Any CPU
		Debug|x64 = Debug|x64
		Debug|x86 = Debug|x86
		Release|Any CPU = Release|Any CPU
		Release|x64 = Release|x64
		Release|x86 = Release|x86
	EndGlobalSection
	GlobalSection(SolutionProperties) = preSolution
		HideSolutionNode = FALSE
	EndGlobalSection
	GlobalSection(ProjectConfigurationPlatforms) = postSolution
		{DAD0BCB2-4940-42DE-85D1-F66BD4565FD0}.Debug|Any CPU.ActiveCfg = Debug|Any CPU
		{DAD0BCB2-4940-42DE-85D1-F66BD4565FD0}.Debug|Any CPU.Build.0 = Debug|Any CPU
		{DAD0BCB2-4940-42DE-85D1-F66BD4565FD0}.Debug|x64.ActiveCfg = Debug|Any CPU
		{DAD0BCB2-4940-42DE-85D1-F66BD4565FD0}.Debug|x64.Build.0 = Debug|Any CPU
		{DAD0BCB2-4940-42DE-85D1-F66BD4565FD0}.Debug|x86.ActiveCfg = Debug|Any CPU
		{DAD0BCB2-4940-42DE-85D1-F66BD4565FD0}.Debug|x86.Build.0 = Debug|Any CPU
		{DAD0BCB2-4940-42DE-85D1-F66BD4565FD0}.Release|Any CPU.ActiveCfg = Release|Any CPU
		{DAD0BCB2-4940-42DE-85D1-F66BD4565FD0}.Release|Any CPU.Build.0 = Release|Any CPU
		{DAD0BCB2-4940-42DE-85D1-F66BD4565FD0}.Release|x64.ActiveCfg = Release|Any CPU
		{DAD0BCB2-4940-42DE-85D1-F66BD4565FD0}.Release|x64.Build.0 = Release|Any CPU
		{DAD0BCB2-4940-42DE-85D1-F66BD4565FD0}.Release|x86.ActiveCfg = Release|Any CPU
		{DAD0BCB2-4940-42DE-85D1-F66BD4565FD0}.Release|x86.Build.0 = Release|Any CPU
		{6464068D-EB38-4C12-8A13-0730FB57EB69}.Debug|Any CPU.ActiveCfg = Debug|Any CPU
		{6464068D-EB38-4C12-8A13-0730FB57EB69}.Debug|Any CPU.Build.0 = Debug|Any CPU
		{6464068D-EB38-4C12-8A13-0730FB57EB69}.Debug|x64.ActiveCfg = Debug|Any CPU
		{6464068D-EB38-4C12-8A13-0730FB57EB69}.Debug|x64.Build.0 = Debug|Any CPU
		{6464068D-EB38-4C12-8A13-0730FB57EB69}.Debug|x86.ActiveCfg = Debug|Any CPU
		{6464068D-EB38-4C12-8A13-0730FB57EB69}.Debug|x86.Build.0 = Debug|Any CPU
		{6464068D-EB38-4C12-8A13-0730FB57EB69}.Release|Any CPU.ActiveCfg = Release|Any CPU
		{6464068D-EB38-4C12-8A13-0730FB57EB69}.Release|Any CPU.Build.0 = Release|Any CPU
		{6464068D-EB38-4C12-8A13-0730FB57EB69}.Release|x64.ActiveCfg = Release|Any CPU
		{6464068D-EB38-4C12-8A13-0730FB57EB69}.Release|x64.Build.0 = Release|Any CPU
		{6464068D-EB38-4C12-8A13-0730FB57EB69}.Release|x86.ActiveCfg = Release|Any CPU
		{6464068D-EB38-4C12-8A13-0730FB57EB69}.Release|x86.Build.0 = Release|Any CPU
		{620CB5A7-A4B5-4382-8B75-D1300D4E9768}.Debug|Any CPU.ActiveCfg = Debug|Any CPU
		{620CB5A7-A4B5-4382-8B75-D1300D4E9768}.Debug|Any CPU.Build.0 = Debug|Any CPU
		{620CB5A7-A4B5-4382-8B75-D1300D4E9768}.Debug|x64.ActiveCfg = Debug|Any CPU
		{620CB5A7-A4B5-4382-8B75-D1300D4E9768}.Debug|x64.Build.0 = Debug|Any CPU
		{620CB5A7-A4B5-4382-8B75-D1300D4E9768}.Debug|x86.ActiveCfg = Debug|Any CPU
		{620CB5A7-A4B5-4382-8B75-D1300D4E9768}.Debug|x86.Build.0 = Debug|Any CPU
		{620CB5A7-A4B5-4382-8B75-D1300D4E9768}.Release|Any CPU.ActiveCfg = Release|Any CPU
		{620CB5A7-A4B5-4382-8B75-D1300D4E9768}.Release|Any CPU.Build.0 = Release|Any CPU
		{620CB5A7-A4B5-4382-8B75-D1300D4E9768}.Release|x64.ActiveCfg = Release|Any CPU
		{620CB5A7-A4B5-4382-8B75-D1300D4E9768}.Release|x64.Build.0 = Release|Any CPU
		{620CB5A7-A4B5-4382-8B75-D1300D4E9768}.Release|x86.ActiveCfg = Release|Any CPU
		{620CB5A7-A4B5-4382-8B75-D1300D4E9768}.Release|x86.Build.0 = Release|Any CPU
		{583D7116-7959-4809-B4F4-44A19747E438}.Debug|Any CPU.ActiveCfg = Debug|Any CPU
		{583D7116-7959-4809-B4F4-44A19747E438}.Debug|Any CPU.Build.0 = Debug|Any CPU
		{583D7116-7959-4809-B4F4-44A19747E438}.Debug|x64.ActiveCfg = Debug|Any CPU
		{583D7116-7959-4809-B4F4-44A19747E438}.Debug|x64.Build.0 = Debug|Any CPU
		{583D7116-7959-4809-B4F4-44A19747E438}.Debug|x86.ActiveCfg = Debug|Any CPU
		{583D7116-7959-4809-B4F4-44A19747E438}.Debug|x86.Build.0 = Debug|Any CPU
		{583D7116-7959-4809-B4F4-44A19747E438}.Release|Any CPU.ActiveCfg = Release|Any CPU
		{583D7116-7959-4809-B4F4-44A19747E438}.Release|Any CPU.Build.0 = Release|Any CPU
		{583D7116-7959-4809-B4F4-44A19747E438}.Release|x64.ActiveCfg = Release|Any CPU
		{583D7116-7959-4809-B4F4-44A19747E438}.Release|x64.Build.0 = Release|Any CPU
		{583D7116-7959-4809-B4F4-44A19747E438}.Release|x86.ActiveCfg = Release|Any CPU
		{583D7116-7959-4809-B4F4-44A19747E438}.Release|x86.Build.0 = Release|Any CPU
	EndGlobalSection
EndGlobal
